// !$*UTF8*$!
{
	archiveVersion = 1;
	classes = {
	};
	objectVersion = 46;
	objects = {

/* Begin PBXBuildFile section */
		16869E78204C3D3E0010E366 /* AppDelegate.swift in Sources */ = {isa = PBXBuildFile; fileRef = 16869E77204C3D3E0010E366 /* AppDelegate.swift */; };
		16869E7A204C3D3E0010E366 /* ViewController.swift in Sources */ = {isa = PBXBuildFile; fileRef = 16869E79204C3D3E0010E366 /* ViewController.swift */; };
		16869E7D204C3D3E0010E366 /* Main.storyboard in Resources */ = {isa = PBXBuildFile; fileRef = 16869E7B204C3D3E0010E366 /* Main.storyboard */; };
		16869E7F204C3D3E0010E366 /* Assets.xcassets in Resources */ = {isa = PBXBuildFile; fileRef = 16869E7E204C3D3E0010E366 /* Assets.xcassets */; };
		16869E82204C3D3E0010E366 /* LaunchScreen.storyboard in Resources */ = {isa = PBXBuildFile; fileRef = 16869E80204C3D3E0010E366 /* LaunchScreen.storyboard */; };
		16869E8A204C44360010E366 /* SonucViewController.swift in Sources */ = {isa = PBXBuildFile; fileRef = 16869E89204C44360010E366 /* SonucViewController.swift */; };
/* End PBXBuildFile section */

/* Begin PBXFileReference section */
		16869E74204C3D3E0010E366 /* TouchWars.app */ = {isa = PBXFileReference; explicitFileType = wrapper.application; includeInIndex = 0; path = TouchWars.app; sourceTree = BUILT_PRODUCTS_DIR; };
		16869E77204C3D3E0010E366 /* AppDelegate.swift */ = {isa = PBXFileReference; lastKnownFileType = sourcecode.swift; path = AppDelegate.swift; sourceTree = "<group>"; };
		16869E79204C3D3E0010E366 /* ViewController.swift */ = {isa = PBXFileReference; lastKnownFileType = sourcecode.swift; path = ViewController.swift; sourceTree = "<group>"; };
		16869E7C204C3D3E0010E366 /* Base */ = {isa = PBXFileReference; lastKnownFileType = file.storyboard; name = Base; path = Base.lproj/Main.storyboard; sourceTree = "<group>"; };
		16869E7E204C3D3E0010E366 /* Assets.xcassets */ = {isa = PBXFileReference; lastKnownFileType = folder.assetcatalog; path = Assets.xcassets; sourceTree = "<group>"; };
		16869E81204C3D3E0010E366 /* Base */ = {isa = PBXFileReference; lastKnownFileType = file.storyboard; name = Base; path = Base.lproj/LaunchScreen.storyboard; sourceTree = "<group>"; };
		16869E83204C3D3E0010E366 /* Info.plist */ = {isa = PBXFileReference; lastKnownFileType = text.plist.xml; path = Info.plist; sourceTree = "<group>"; };
		16869E89204C44360010E366 /* SonucViewController.swift */ = {isa = PBXFileReference; fileEncoding = 4; lastKnownFileType = sourcecode.swift; path = SonucViewController.swift; sourceTree = "<group>"; };
/* End PBXFileReference section */

/* Begin PBXFrameworksBuildPhase section */
		16869E71204C3D3E0010E366 /* Frameworks */ = {
			isa = PBXFrameworksBuildPhase;
			buildActionMask = 2147483647;
			files = (
			);
			runOnlyForDeploymentPostprocessing = 0;
		};
/* End PBXFrameworksBuildPhase section */

/* Begin PBXGroup section */
		16869E6B204C3D3E0010E366 = {
			isa = PBXGroup;
			children = (
				16869E76204C3D3E0010E366 /* TouchWars */,
				16869E75204C3D3E0010E366 /* Products */,
			);
			sourceTree = "<group>";
		};
		16869E75204C3D3E0010E366 /* Products */ = {
			isa = PBXGroup;
			children = (
				16869E74204C3D3E0010E366 /* TouchWars.app */,
			);
			name = Products;
			sourceTree = "<group>";
		};
		16869E76204C3D3E0010E366 /* TouchWars */ = {
			isa = PBXGroup;
			children = (
				16869E77204C3D3E0010E366 /* AppDelegate.swift */,
				16869E79204C3D3E0010E366 /* ViewController.swift */,
				16869E7B204C3D3E0010E366 /* Main.storyboard */,
				16869E7E204C3D3E0010E366 /* Assets.xcassets */,
				16869E80204C3D3E0010E366 /* LaunchScreen.storyboard */,
				16869E83204C3D3E0010E366 /* Info.plist */,
				16869E89204C44360010E366 /* SonucViewController.swift */,
			);
			path = TouchWars;
			sourceTree = "<group>";
		};
/* End PBXGroup section */

/* Begin PBXNativeTarget section */
		16869E73204C3D3E0010E366 /* TouchWars */ = {
			isa = PBXNativeTarget;
			buildConfigurationList = 16869E86204C3D3E0010E366 /* Build configuration list for PBXNativeTarget "TouchWars" */;
			buildPhases = (
				16869E70204C3D3E0010E366 /* Sources */,
				16869E71204C3D3E0010E366 /* Frameworks */,
				16869E72204C3D3E0010E366 /* Resources */,
			);
			buildRules = (
			);
			dependencies = (
			);
			name = TouchWars;
			productName = TouchWars;
			productReference = 16869E74204C3D3E0010E366 /* TouchWars.app */;
			productType = "com.apple.product-type.application";
		};
/* End PBXNativeTarget section */

/* Begin PBXProject section */
		16869E6C204C3D3E0010E366 /* Project object */ = {
			isa = PBXProject;
			attributes = {
				LastSwiftUpdateCheck = 0830;
				LastUpgradeCheck = 0830;
				ORGANIZATIONNAME = "Trakya University";
				TargetAttributes = {
					16869E73204C3D3E0010E366 = {
						CreatedOnToolsVersion = 8.3.2;
						ProvisioningStyle = Automatic;
					};
				};
			};
			buildConfigurationList = 16869E6F204C3D3E0010E366 /* Build configuration list for PBXProject "TouchWars" */;
			compatibilityVersion = "Xcode 3.2";
			developmentRegion = English;
			hasScannedForEncodings = 0;
			knownRegions = (
				en,
				Base,
			);
			mainGroup = 16869E6B204C3D3E0010E366;
			productRefGroup = 16869E75204C3D3E0010E366 /* Products */;
			projectDirPath = "";
			projectRoot = "";
			targets = (
				16869E73204C3D3E0010E366 /* TouchWars */,
			);
		};
/* End PBXProject section */

/* Begin PBXResourcesBuildPhase section */
		16869E72204C3D3E0010E366 /* Resources */ = {
			isa = PBXResourcesBuildPhase;
			buildActionMask = 2147483647;
			files = (
				16869E82204C3D3E0010E366 /* LaunchScreen.storyboard in Resources */,
				16869E7F204C3D3E0010E366 /* Assets.xcassets in Resources */,
				16869E7D204C3D3E0010E366 /* Main.storyboard in Resources */,
			);
			runOnlyForDeploymentPostprocessing = 0;
		};
/* End PBXResourcesBuildPhase section */

/* Begin PBXSourcesBuildPhase section */
		16869E70204C3D3E0010E366 /* Sources */ = {
			isa = PBXSourcesBuildPhase;
			buildActionMask = 2147483647;
			files = (
				16869E7A204C3D3E0010E366 /* ViewController.swift in Sources */,
				16869E8A204C44360010E366 /* SonucViewController.swift in Sources */,
				16869E78204C3D3E0010E366 /* AppDelegate.swift in Sources */,
			);
			runOnlyForDeploymentPostprocessing = 0;
		};
/* End PBXSourcesBuildPhase section */

/* Begin PBXVariantGroup section */
		16869E7B204C3D3E0010E366 /* Main.storyboard */ = {
			isa = PBXVariantGroup;
			children = (
				16869E7C204C3D3E0010E366 /* Base */,
			);
			name = Main.storyboard;
			sourceTree = "<group>";
		};
		16869E80204C3D3E0010E366 /* LaunchScreen.storyboard */ = {
			isa = PBXVariantGroup;
			children = (
				16869E81204C3D3E0010E366 /* Base */,
			);
			name = LaunchScreen.storyboard;
			sourceTree = "<group>";
		};
/* End PBXVariantGroup section */

/* Begin XCBuildConfiguration section */
		16869E84204C3D3E0010E366 /* Debug */ = {
			isa = XCBuildConfiguration;
			buildSettings = {
				ALWAYS_SEARCH_USER_PATHS = NO;
				CLANG_ANALYZER_NONNULL = YES;
				CLANG_ANALYZER_NUMBER_OBJECT_CONVERSION = YES_AGGRESSIVE;
				CLANG_CXX_LANGUAGE_STANDARD = "gnu++0x";
				CLANG_CXX_LIBRARY = "libc++";
				CLANG_ENABLE_MODULES = YES;
				CLANG_ENABLE_OBJC_ARC = YES;
				CLANG_WARN_BOOL_CONVERSION = YES;
				CLANG_WARN_CONSTANT_CONVERSION = YES;
				CLANG_WARN_DIRECT_OBJC_ISA_USAGE = YES_ERROR;
				CLANG_WARN_DOCUMENTATION_COMMENTS = YES;
				CLANG_WARN_EMPTY_BODY = YES;
				CLANG_WARN_ENUM_CONVERSION = YES;
				CLANG_WARN_INFINITE_RECURSION = YES;
				CLANG_WARN_INT_CONVERSION = YES;
				CLANG_WARN_OBJC_ROOT_CLASS = YES_ERROR;
				CLANG_WARN_SUSPICIOUS_MOVE = YES;
				CLANG_WARN_UNREACHABLE_CODE = YES;
				CLANG_WARN__DUPLICATE_METHOD_MATCH = YES;
				"CODE_SIGN_IDENTITY[sdk=iphoneos*]" = "iPhone Developer";
				COPY_PHASE_STRIP = NO;
				DEBUG_INFORMATION_FORMAT = dwarf;
				ENABLE_STRICT_OBJC_MSGSEND = YES;
				ENABLE_TESTABILITY = YES;
				GCC_C_LANGUAGE_STANDARD = gnu99;
				GCC_DYNAMIC_NO_PIC = NO;
				GCC_NO_COMMON_BLOCKS = YES;
				GCC_OPTIMIZATION_LEVEL = 0;
				GCC_PREPROCESSOR_DEFINITIONS = (
					"DEBUG=1",
					"$(inherited)",
				);
				GCC_WARN_64_TO_32_BIT_CONVERSION = YES;
				GCC_WARN_ABOUT_RETURN_TYPE = YES_ERROR;
				GCC_WARN_UNDECLARED_SELECTOR = YES;
				GCC_WARN_UNINITIALIZED_AUTOS = YES_AGGRESSIVE;
				GCC_WARN_UNUSED_FUNCTION = YES;
				GCC_WARN_UNUSED_VARIABLE = YES;
				IPHONEOS_DEPLOYMENT_TARGET = 10.3;
				MTL_ENABLE_DEBUG_INFO = YES;
				ONLY_ACTIVE_ARCH = YES;
				SDKROOT = iphoneos;
				SWIFT_ACTIVE_COMPILATION_CONDITIONS = DEBUG;
				SWIFT_OPTIMIZATION_LEVEL = "-Onone";
			};
			name = Debug;
		};
		16869E85204C3D3E0010E366 /* Release */ = {
			isa = XCBuildConfiguration;
			buildSettings = {
				ALWAYS_SEARCH_USER_PATHS = NO;
				CLANG_ANALYZER_NONNULL = YES;
				CLANG_ANALYZER_NUMBER_OBJECT_CONVERSION = YES_AGGRESSIVE;
				CLANG_CXX_LANGUAGE_STANDARD = "gnu++0x";
				CLANG_CXX_LIBRARY = "libc++";
				CLANG_ENABLE_MODULES = YES;
				CLANG_ENABLE_OBJC_ARC = YES;
				CLANG_WARN_BOOL_CONVERSION = YES;
				CLANG_WARN_CONSTANT_CONVERSION = YES;
				CLANG_WARN_DIRECT_OBJC_ISA_USAGE = YES_ERROR;
				CLANG_WARN_DOCUMENTATION_COMMENTS = YES;
				CLANG_WARN_EMPTY_BODY = YES;
				CLANG_WARN_ENUM_CONVERSION = YES;
				CLANG_WARN_INFINITE_RECURSION = YES;
				CLANG_WARN_INT_CONVERSION = YES;
				CLANG_WARN_OBJC_ROOT_CLASS = YES_ERROR;
				CLANG_WARN_SUSPICIOUS_MOVE = YES;
				CLANG_WARN_UNREACHABLE_CODE = YES;
				CLANG_WARN__DUPLICATE_METHOD_MATCH = YES;
				"CODE_SIGN_IDENTITY[sdk=iphoneos*]" = "iPhone Developer";
				COPY_PHASE_STRIP = NO;
				DEBUG_INFORMATION_FORMAT = "dwarf-with-dsym";
				ENABLE_NS_ASSERTIONS = NO;
				ENABLE_STRICT_OBJC_MSGSEND = YES;
				GCC_C_LANGUAGE_STANDARD = gnu99;
				GCC_NO_COMMON_BLOCKS = YES;
				GCC_WARN_64_TO_32_BIT_CONVERSION = YES;
				GCC_WARN_ABOUT_RETURN_TYPE = YES_ERROR;
				GCC_WARN_UNDECLARED_SELECTOR = YES;
				GCC_WARN_UNINITIALIZED_AUTOS = YES_AGGRESSIVE;
				GCC_WARN_UNUSED_FUNCTION = YES;
				GCC_WARN_UNUSED_VARIABLE = YES;
				IPHONEOS_DEPLOYMENT_TARGET = 10.3;
				MTL_ENABLE_DEBUG_INFO = NO;
				SDKROOT = iphoneos;
				SWIFT_OPTIMIZATION_LEVEL = "-Owholemodule";
				VALIDATE_PRODUCT = YES;
			};
			name = Release;
		};
		16869E87204C3D3E0010E366 /* Debug */ = {
			isa = XCBuildConfiguration;
			buildSettings = {
				ASSETCATALOG_COMPILER_APPICON_NAME = AppIcon;
				INFOPLIST_FILE = TouchWars/Info.plist;
				LD_RUNPATH_SEARCH_PATHS = "$(inherited) @executable_path/Frameworks";
				PRODUCT_BUNDLE_IDENTIFIER = trakya.edu.tr.TouchWars;
				PRODUCT_NAME = "$(TARGET_NAME)";
				SWIFT_VERSION = 3.0;
			};
			name = Debug;
		};
		16869E88204C3D3E0010E366 /* Release */ = {
			isa = XCBuildConfiguration;
			buildSettings = {
				ASSETCATALOG_COMPILER_APPICON_NAME = AppIcon;
				INFOPLIST_FILE = TouchWars/Info.plist;
				LD_RUNPATH_SEARCH_PATHS = "$(inherited) @executable_path/Frameworks";
				PRODUCT_BUNDLE_IDENTIFIER = trakya.edu.tr.TouchWars;
				PRODUCT_NAME = "$(TARGET_NAME)";
				SWIFT_VERSION = 3.0;
			};
			name = Release;
		};
/* End XCBuildConfiguration section */

/* Begin XCConfigurationList section */
		16869E6F204C3D3E0010E366 /* Build configuration list for PBXProject "TouchWars" */ = {
			isa = XCConfigurationList;
			buildConfigurations = (
				16869E84204C3D3E0010E366 /* Debug */,
				16869E85204C3D3E0010E366 /* Release */,
			);
			defaultConfigurationIsVisible = 0;
			defaultConfigurationName = Release;
		};
		16869E86204C3D3E0010E366 /* Build configuration list for PBXNativeTarget "TouchWars" */ = {
			isa = XCConfigurationList;
			buildConfigurations = (
				16869E87204C3D3E0010E366 /* Debug */,
				16869E88204C3D3E0010E366 /* Release */,
			);
			defaultConfigurationIsVisible = 0;
		};
/* End XCConfigurationList section */
	};
	rootObject = 16869E6C204C3D3E0010E366 /* Project object */;
}
